
Microsoft Visual Studio Solution File, Format Version 12.00
# Visual Studio Version 17
VisualStudioVersion = 17.5.33502.453
MinimumVisualStudioVersion = 10.0.40219.1
Project("{9A19103F-16F7-4668-BE54-9A1E7A4F7556}") = "Kanini.InvestmentSearchEngine.MarketEssentials", "CompanyEssentialsMicroService\Kanini.InvestmentSearchEngine.MarketEssentials.csproj", "{263FA080-F2AF-4319-A1BB-D6E4B1B31C60}"
EndProject
Project("{9A19103F-16F7-4668-BE54-9A1E7A4F7556}") = "CompanyEssentialsUnitTesting", "CompanyEssentialsUnitTesting\CompanyEssentialsUnitTesting.csproj", "{D2536C1E-9911-40CC-8B0D-E6EE538243DE}"
EndProject
Global
	GlobalSection(SolutionConfigurationPlatforms) = preSolution
		Debug|Any CPU = Debug|Any CPU
		Release|Any CPU = Release|Any CPU
	EndGlobalSection
	GlobalSection(ProjectConfigurationPlatforms) = postSolution
		{263FA080-F2AF-4319-A1BB-D6E4B1B31C60}.Debug|Any CPU.ActiveCfg = Debug|Any CPU
		{263FA080-F2AF-4319-A1BB-D6E4B1B31C60}.Debug|Any CPU.Build.0 = Debug|Any CPU
		{263FA080-F2AF-4319-A1BB-D6E4B1B31C60}.Release|Any CPU.ActiveCfg = Release|Any CPU
		{263FA080-F2AF-4319-A1BB-D6E4B1B31C60}.Release|Any CPU.Build.0 = Release|Any CPU
		{D2536C1E-9911-40CC-8B0D-E6EE538243DE}.Debug|Any CPU.ActiveCfg = Debug|Any CPU
		{D2536C1E-9911-40CC-8B0D-E6EE538243DE}.Debug|Any CPU.Build.0 = Debug|Any CPU
		{D2536C1E-9911-40CC-8B0D-E6EE538243DE}.Release|Any CPU.ActiveCfg = Release|Any CPU
		{D2536C1E-9911-40CC-8B0D-E6EE538243DE}.Release|Any CPU.Build.0 = Release|Any CPU
	EndGlobalSection
	GlobalSection(SolutionProperties) = preSolution
		HideSolutionNode = FALSE
	EndGlobalSection
	GlobalSection(ExtensibilityGlobals) = postSolution
		SolutionGuid = {4CF37483-C7B2-4C28-8B36-9B26E60D6068}
	EndGlobalSection
EndGlobal
