
Microsoft Visual Studio Solution File, Format Version 12.00
# Visual Studio Version 17
VisualStudioVersion = 17.5.33502.453
MinimumVisualStudioVersion = 10.0.40219.1
Project("{9A19103F-16F7-4668-BE54-9A1E7A4F7556}") = "Kanini.InvestmentSearchEngine.FinstarRating", "Kanini.InvestmentSearchEngine.FinstarRating\Kanini.InvestmentSearchEngine.FinstarRating.csproj", "{150326A5-0374-476F-95EA-B645CE37983E}"
EndProject
Project("{FAE04EC0-301F-11D3-BF4B-00C04F79EFBC}") = "FinstarRatingTests", "FinstarRatingTests\FinstarRatingTests.csproj", "{06C3C2A2-D9F3-411E-A684-B383F2C0A460}"
EndProject
Global
	GlobalSection(SolutionConfigurationPlatforms) = preSolution
		Debug|Any CPU = Debug|Any CPU
		Release|Any CPU = Release|Any CPU
	EndGlobalSection
	GlobalSection(ProjectConfigurationPlatforms) = postSolution
		{150326A5-0374-476F-95EA-B645CE37983E}.Debug|Any CPU.ActiveCfg = Debug|Any CPU
		{150326A5-0374-476F-95EA-B645CE37983E}.Debug|Any CPU.Build.0 = Debug|Any CPU
		{150326A5-0374-476F-95EA-B645CE37983E}.Release|Any CPU.ActiveCfg = Release|Any CPU
		{150326A5-0374-476F-95EA-B645CE37983E}.Release|Any CPU.Build.0 = Release|Any CPU
		{06C3C2A2-D9F3-411E-A684-B383F2C0A460}.Debug|Any CPU.ActiveCfg = Debug|Any CPU
		{06C3C2A2-D9F3-411E-A684-B383F2C0A460}.Debug|Any CPU.Build.0 = Debug|Any CPU
		{06C3C2A2-D9F3-411E-A684-B383F2C0A460}.Release|Any CPU.ActiveCfg = Release|Any CPU
		{06C3C2A2-D9F3-411E-A684-B383F2C0A460}.Release|Any CPU.Build.0 = Release|Any CPU
	EndGlobalSection
	GlobalSection(SolutionProperties) = preSolution
		HideSolutionNode = FALSE
	EndGlobalSection
	GlobalSection(ExtensibilityGlobals) = postSolution
		SolutionGuid = {5607C9F0-BBBF-4A38-943F-DA52EF6D95FF}
	EndGlobalSection
EndGlobal
